
Microsoft Visual Studio Solution File, Format Version 12.00
# Visual Studio Version 16
VisualStudioVersion = 16.0.33423.256
MinimumVisualStudioVersion = 10.0.40219.1
Project("{FAE04EC0-301F-11D3-BF4B-00C04F79EFBC}") = "constructor", "constructor\constructor.csproj", "{A8E9A937-7485-428B-B0B7-6B8968ACDFF8}"
EndProject
Global
	GlobalSection(SolutionConfigurationPlatforms) = preSolution
		Debug|Any CPU = Debug|Any CPU
		Release|Any CPU = Release|Any CPU
	EndGlobalSection
	GlobalSection(ProjectConfigurationPlatforms) = postSolution
		{A8E9A937-7485-428B-B0B7-6B8968ACDFF8}.Debug|Any CPU.ActiveCfg = Debug|Any CPU
		{A8E9A937-7485-428B-B0B7-6B8968ACDFF8}.Debug|Any CPU.Build.0 = Debug|Any CPU
		{A8E9A937-7485-428B-B0B7-6B8968ACDFF8}.Release|Any CPU.ActiveCfg = Release|Any CPU
		{A8E9A937-7485-428B-B0B7-6B8968ACDFF8}.Release|Any CPU.Build.0 = Release|Any CPU
	EndGlobalSection
	GlobalSection(SolutionProperties) = preSolution
		HideSolutionNode = FALSE
	EndGlobalSection
	GlobalSection(ExtensibilityGlobals) = postSolution
		SolutionGuid = {516ADA60-8C1F-4C58-8637-2C0D8A071286}
	EndGlobalSection
EndGlobal
